
Microsoft Visual Studio Solution File, Format Version 12.00
# Visual Studio Version 17
VisualStudioVersion = 17.5.33516.290
MinimumVisualStudioVersion = 10.0.40219.1
Project("{2150E333-8FDC-42A3-9474-1A3956D46DE8}") = "DesignTime", "DesignTime", "{C718E288-F396-4454-993F-A14EB1E399C3}"
EndProject
Project("{9A19103F-16F7-4668-BE54-9A1E7A4F7556}") = "Design", "Design\Design.csproj", "{8576C5BE-42FE-4A06-B5D4-CDB81528D148}"
EndProject
Project("{2150E333-8FDC-42A3-9474-1A3956D46DE8}") = "Runtime", "Runtime", "{2A0F4B42-F5AD-4433-BBC5-B482EC044518}"
EndProject
Project("{2150E333-8FDC-42A3-9474-1A3956D46DE8}") = "Client", "Client", "{8C227838-C2E0-4054-A2FC-151BBC092160}"
EndProject
Project("{9A19103F-16F7-4668-BE54-9A1E7A4F7556}") = "Client.Console", "Client.Console\Client.Console.csproj", "{472C0430-35D5-4902-B0CE-84ABAC3278B3}"
EndProject
Project("{9A19103F-16F7-4668-BE54-9A1E7A4F7556}") = "Client.Rest", "Client.Rest\Client.Rest.csproj", "{54D2BFF7-26C7-40D9-8B62-7CDB280E90A8}"
EndProject
Project("{2150E333-8FDC-42A3-9474-1A3956D46DE8}") = "Server", "Server", "{FD0F63FE-085D-4322-BE46-80B27B625DBB}"
EndProject
Project("{2150E333-8FDC-42A3-9474-1A3956D46DE8}") = "Shared", "Shared", "{6780540C-49B2-4AA9-AD66-6E7D740637B8}"
EndProject
Project("{9A19103F-16F7-4668-BE54-9A1E7A4F7556}") = "Common", "Common\Common.csproj", "{FF9DF6F0-85F1-42B4-87F2-E9A2810C079D}"
EndProject
Project("{9A19103F-16F7-4668-BE54-9A1E7A4F7556}") = "Host", "Host\Host.csproj", "{B486EF47-536B-4959-9347-5CF26FD1B19A}"
EndProject
Project("{9A19103F-16F7-4668-BE54-9A1E7A4F7556}") = "RestApi", "RestApi\RestApi.csproj", "{8C43310A-03EF-404E-92EE-09A33CEEC785}"
EndProject
Project("{2150E333-8FDC-42A3-9474-1A3956D46DE8}") = "Tests", "Tests", "{E5C044D3-C89C-4DE4-B842-8E81685C8CC9}"
EndProject
Project("{9A19103F-16F7-4668-BE54-9A1E7A4F7556}") = "Client.Rest.Tests", "Tests\Client.Rest.Tests\Client.Rest.Tests.csproj", "{2CC511E6-3E7B-4F37-B276-BB26F6009D0B}"
EndProject
Project("{9A19103F-16F7-4668-BE54-9A1E7A4F7556}") = "Common.Tests", "Tests\Common.Tests\Common.Tests.csproj", "{624ED2B9-86B1-4243-A9F0-591194B0C092}"
EndProject
Project("{9A19103F-16F7-4668-BE54-9A1E7A4F7556}") = "Host.Tests", "Tests\Host.Tests\Host.Tests.csproj", "{380E9677-FFB7-44F7-9568-977F533E12E2}"
EndProject
Project("{9A19103F-16F7-4668-BE54-9A1E7A4F7556}") = "RestApi.Tests", "Tests\RestApi.Tests\RestApi.Tests.csproj", "{5D67A783-26D3-4273-BB2B-D0C17A2E93A5}"
EndProject
Project("{9A19103F-16F7-4668-BE54-9A1E7A4F7556}") = "Integration.Tests", "Tests\Integration.Tests\Integration.Tests.csproj", "{F4ADCCAF-53E6-4B7E-8288-FBFEBF1C488F}"
EndProject
Global
	GlobalSection(SolutionConfigurationPlatforms) = preSolution
		Debug|Any CPU = Debug|Any CPU
		Release|Any CPU = Release|Any CPU
	EndGlobalSection
	GlobalSection(ProjectConfigurationPlatforms) = postSolution
		{8576C5BE-42FE-4A06-B5D4-CDB81528D148}.Debug|Any CPU.ActiveCfg = Debug|Any CPU
		{8576C5BE-42FE-4A06-B5D4-CDB81528D148}.Debug|Any CPU.Build.0 = Debug|Any CPU
		{8576C5BE-42FE-4A06-B5D4-CDB81528D148}.Release|Any CPU.ActiveCfg = Release|Any CPU
		{8576C5BE-42FE-4A06-B5D4-CDB81528D148}.Release|Any CPU.Build.0 = Release|Any CPU
		{472C0430-35D5-4902-B0CE-84ABAC3278B3}.Debug|Any CPU.ActiveCfg = Debug|Any CPU
		{472C0430-35D5-4902-B0CE-84ABAC3278B3}.Debug|Any CPU.Build.0 = Debug|Any CPU
		{472C0430-35D5-4902-B0CE-84ABAC3278B3}.Release|Any CPU.ActiveCfg = Release|Any CPU
		{472C0430-35D5-4902-B0CE-84ABAC3278B3}.Release|Any CPU.Build.0 = Release|Any CPU
		{54D2BFF7-26C7-40D9-8B62-7CDB280E90A8}.Debug|Any CPU.ActiveCfg = Debug|Any CPU
		{54D2BFF7-26C7-40D9-8B62-7CDB280E90A8}.Debug|Any CPU.Build.0 = Debug|Any CPU
		{54D2BFF7-26C7-40D9-8B62-7CDB280E90A8}.Release|Any CPU.ActiveCfg = Release|Any CPU
		{54D2BFF7-26C7-40D9-8B62-7CDB280E90A8}.Release|Any CPU.Build.0 = Release|Any CPU
		{FF9DF6F0-85F1-42B4-87F2-E9A2810C079D}.Debug|Any CPU.ActiveCfg = Debug|Any CPU
		{FF9DF6F0-85F1-42B4-87F2-E9A2810C079D}.Debug|Any CPU.Build.0 = Debug|Any CPU
		{FF9DF6F0-85F1-42B4-87F2-E9A2810C079D}.Release|Any CPU.ActiveCfg = Release|Any CPU
		{FF9DF6F0-85F1-42B4-87F2-E9A2810C079D}.Release|Any CPU.Build.0 = Release|Any CPU
		{B486EF47-536B-4959-9347-5CF26FD1B19A}.Debug|Any CPU.ActiveCfg = Debug|Any CPU
		{B486EF47-536B-4959-9347-5CF26FD1B19A}.Debug|Any CPU.Build.0 = Debug|Any CPU
		{B486EF47-536B-4959-9347-5CF26FD1B19A}.Release|Any CPU.ActiveCfg = Release|Any CPU
		{B486EF47-536B-4959-9347-5CF26FD1B19A}.Release|Any CPU.Build.0 = Release|Any CPU
		{8C43310A-03EF-404E-92EE-09A33CEEC785}.Debug|Any CPU.ActiveCfg = Debug|Any CPU
		{8C43310A-03EF-404E-92EE-09A33CEEC785}.Debug|Any CPU.Build.0 = Debug|Any CPU
		{8C43310A-03EF-404E-92EE-09A33CEEC785}.Release|Any CPU.ActiveCfg = Release|Any CPU
		{8C43310A-03EF-404E-92EE-09A33CEEC785}.Release|Any CPU.Build.0 = Release|Any CPU
		{2CC511E6-3E7B-4F37-B276-BB26F6009D0B}.Debug|Any CPU.ActiveCfg = Debug|Any CPU
		{2CC511E6-3E7B-4F37-B276-BB26F6009D0B}.Debug|Any CPU.Build.0 = Debug|Any CPU
		{2CC511E6-3E7B-4F37-B276-BB26F6009D0B}.Release|Any CPU.ActiveCfg = Release|Any CPU
		{2CC511E6-3E7B-4F37-B276-BB26F6009D0B}.Release|Any CPU.Build.0 = Release|Any CPU
		{624ED2B9-86B1-4243-A9F0-591194B0C092}.Debug|Any CPU.ActiveCfg = Debug|Any CPU
		{624ED2B9-86B1-4243-A9F0-591194B0C092}.Debug|Any CPU.Build.0 = Debug|Any CPU
		{624ED2B9-86B1-4243-A9F0-591194B0C092}.Release|Any CPU.ActiveCfg = Release|Any CPU
		{624ED2B9-86B1-4243-A9F0-591194B0C092}.Release|Any CPU.Build.0 = Release|Any CPU
		{380E9677-FFB7-44F7-9568-977F533E12E2}.Debug|Any CPU.ActiveCfg = Debug|Any CPU
		{380E9677-FFB7-44F7-9568-977F533E12E2}.Debug|Any CPU.Build.0 = Debug|Any CPU
		{380E9677-FFB7-44F7-9568-977F533E12E2}.Release|Any CPU.ActiveCfg = Release|Any CPU
		{380E9677-FFB7-44F7-9568-977F533E12E2}.Release|Any CPU.Build.0 = Release|Any CPU
		{5D67A783-26D3-4273-BB2B-D0C17A2E93A5}.Debug|Any CPU.ActiveCfg = Debug|Any CPU
		{5D67A783-26D3-4273-BB2B-D0C17A2E93A5}.Debug|Any CPU.Build.0 = Debug|Any CPU
		{5D67A783-26D3-4273-BB2B-D0C17A2E93A5}.Release|Any CPU.ActiveCfg = Release|Any CPU
		{5D67A783-26D3-4273-BB2B-D0C17A2E93A5}.Release|Any CPU.Build.0 = Release|Any CPU
		{F4ADCCAF-53E6-4B7E-8288-FBFEBF1C488F}.Debug|Any CPU.ActiveCfg = Debug|Any CPU
		{F4ADCCAF-53E6-4B7E-8288-FBFEBF1C488F}.Debug|Any CPU.Build.0 = Debug|Any CPU
		{F4ADCCAF-53E6-4B7E-8288-FBFEBF1C488F}.Release|Any CPU.ActiveCfg = Release|Any CPU
		{F4ADCCAF-53E6-4B7E-8288-FBFEBF1C488F}.Release|Any CPU.Build.0 = Release|Any CPU
	EndGlobalSection
	GlobalSection(SolutionProperties) = preSolution
		HideSolutionNode = FALSE
	EndGlobalSection
	GlobalSection(NestedProjects) = preSolution
		{8576C5BE-42FE-4A06-B5D4-CDB81528D148} = {C718E288-F396-4454-993F-A14EB1E399C3}
		{8C227838-C2E0-4054-A2FC-151BBC092160} = {2A0F4B42-F5AD-4433-BBC5-B482EC044518}
		{472C0430-35D5-4902-B0CE-84ABAC3278B3} = {8C227838-C2E0-4054-A2FC-151BBC092160}
		{54D2BFF7-26C7-40D9-8B62-7CDB280E90A8} = {8C227838-C2E0-4054-A2FC-151BBC092160}
		{FD0F63FE-085D-4322-BE46-80B27B625DBB} = {2A0F4B42-F5AD-4433-BBC5-B482EC044518}
		{6780540C-49B2-4AA9-AD66-6E7D740637B8} = {FD0F63FE-085D-4322-BE46-80B27B625DBB}
		{FF9DF6F0-85F1-42B4-87F2-E9A2810C079D} = {6780540C-49B2-4AA9-AD66-6E7D740637B8}
		{B486EF47-536B-4959-9347-5CF26FD1B19A} = {FD0F63FE-085D-4322-BE46-80B27B625DBB}
		{8C43310A-03EF-404E-92EE-09A33CEEC785} = {FD0F63FE-085D-4322-BE46-80B27B625DBB}
		{2CC511E6-3E7B-4F37-B276-BB26F6009D0B} = {E5C044D3-C89C-4DE4-B842-8E81685C8CC9}
		{624ED2B9-86B1-4243-A9F0-591194B0C092} = {E5C044D3-C89C-4DE4-B842-8E81685C8CC9}
		{380E9677-FFB7-44F7-9568-977F533E12E2} = {E5C044D3-C89C-4DE4-B842-8E81685C8CC9}
		{5D67A783-26D3-4273-BB2B-D0C17A2E93A5} = {E5C044D3-C89C-4DE4-B842-8E81685C8CC9}
		{F4ADCCAF-53E6-4B7E-8288-FBFEBF1C488F} = {E5C044D3-C89C-4DE4-B842-8E81685C8CC9}
	EndGlobalSection
	GlobalSection(ExtensibilityGlobals) = postSolution
		SolutionGuid = {8CEB9494-927F-44A5-9149-F6A311E3B3CA}
	EndGlobalSection
EndGlobal
